
Microsoft Visual Studio Solution File, Format Version 12.00
# Visual Studio Version 17
VisualStudioVersion = 17.5.002.0
MinimumVisualStudioVersion = 10.0.40219.1
Project("{9A19103F-16F7-4668-BE54-9A1E7A4F7556}") = "Scrabble-pointer", "Scrabble-pointer.csproj", "{39F3397B-CC2F-40FF-8569-5E48FA982A6B}"
EndProject
Global
	GlobalSection(SolutionConfigurationPlatforms) = preSolution
		Debug|Any CPU = Debug|Any CPU
		Release|Any CPU = Release|Any CPU
	EndGlobalSection
	GlobalSection(ProjectConfigurationPlatforms) = postSolution
		{39F3397B-CC2F-40FF-8569-5E48FA982A6B}.Debug|Any CPU.ActiveCfg = Debug|Any CPU
		{39F3397B-CC2F-40FF-8569-5E48FA982A6B}.Debug|Any CPU.Build.0 = Debug|Any CPU
		{39F3397B-CC2F-40FF-8569-5E48FA982A6B}.Release|Any CPU.ActiveCfg = Release|Any CPU
		{39F3397B-CC2F-40FF-8569-5E48FA982A6B}.Release|Any CPU.Build.0 = Release|Any CPU
	EndGlobalSection
	GlobalSection(SolutionProperties) = preSolution
		HideSolutionNode = FALSE
	EndGlobalSection
	GlobalSection(ExtensibilityGlobals) = postSolution
		SolutionGuid = {9E56E33B-878D-4435-A592-9D240407B116}
	EndGlobalSection
EndGlobal
